<?xml version="1.0" encoding="utf-8"?>
<Project ToolsVersion="4.0" xmlns="http://schemas.microsoft.com/developer/msbuild/2003">
  <ItemGroup>
    <Filter Include="Source Files">
      <UniqueIdentifier>{4FC737F1-C7A5-4376-A066-2A32D752A2FF}</UniqueIdentifier>
      <Extensions>cpp;c;cc;cxx;def;odl;idl;hpj;bat;asm;asmx</Extensions>
    </Filter>
    <Filter Include="Header Files">
      <UniqueIdentifier>{93995380-89BD-4b04-88EB-625FBE52EBFB}</UniqueIdentifier>
      <Extensions>h;hh;hpp;hxx;hm;inl;inc;xsd</Extensions>
    </Filter>
    <Filter Include="Resource Files">
      <UniqueIdentifier>{67DA6AB6-F800-4c08-8B7A-83BB121AAD01}</UniqueIdentifier>
      <Extensions>rc;ico;cur;bmp;dlg;rc2;rct;bin;rgs;gif;jpg;jpeg;jpe;resx;tiff;tif;png;wav</Extensions>
    </Filter>
  </ItemGroup>
  <ItemGroup>
    <ClCompile Include="incdir.cpp">
      <Filter>Source Files</Filter>
    </ClCompile>
    <ClCompile Include="Lydian.cpp">
      <Filter>Source Files</Filter>
    </ClCompile>
    <ClCompile Include="cqsdk\api.cpp">
      <Filter>Source Files</Filter>
    </ClCompile>
    <ClCompile Include="cqsdk\app.cpp">
      <Filter>Source Files</Filter>
    </ClCompile>
    <ClCompile Include="cqsdk\dir.cpp">
      <Filter>Source Files</Filter>
    </ClCompile>
    <ClCompile Include="cqsdk\dllmain.cpp">
      <Filter>Source Files</Filter>
    </ClCompile>
    <ClCompile Include="cqsdk\event.cpp">
      <Filter>Source Files</Filter>
    </ClCompile>
    <ClCompile Include="cqsdk\message.cpp">
      <Filter>Source Files</Filter>
    </ClCompile>
    <ClCompile Include="cqsdk\utils\base64.cpp">
      <Filter>Source Files</Filter>
    </ClCompile>
    <ClCompile Include="cqsdk\utils\string.cpp">
      <Filter>Source Files</Filter>
    </ClCompile>
    <ClCompile Include="cqsdk\utils\vendor\cpp-base64\base64.cpp">
      <Filter>Source Files</Filter>
    </ClCompile>
  </ItemGroup>
  <ItemGroup>
    <ClInclude Include="Lydian.h">
      <Filter>Header Files</Filter>
    </ClInclude>
    <ClInclude Include="TextPluginBase.h">
      <Filter>Header Files</Filter>
    </ClInclude>
    <ClInclude Include="cqsdk\api.h">
      <Filter>Header Files</Filter>
    </ClInclude>
    <ClInclude Include="cqsdk\api_funcs.h">
      <Filter>Header Files</Filter>
    </ClInclude>
    <ClInclude Include="cqsdk\app.h">
      <Filter>Header Files</Filter>
    </ClInclude>
    <ClInclude Include="cqsdk\common.h">
      <Filter>Header Files</Filter>
    </ClInclude>
    <ClInclude Include="cqsdk\cqsdk.h">
      <Filter>Header Files</Filter>
    </ClInclude>
    <ClInclude Include="cqsdk\def.h">
      <Filter>Header Files</Filter>
    </ClInclude>
    <ClInclude Include="cqsdk\dir.h">
      <Filter>Header Files</Filter>
    </ClInclude>
    <ClInclude Include="cqsdk\enums.h">
      <Filter>Header Files</Filter>
    </ClInclude>
    <ClInclude Include="cqsdk\event.h">
      <Filter>Header Files</Filter>
    </ClInclude>
    <ClInclude Include="cqsdk\exception.h">
      <Filter>Header Files</Filter>
    </ClInclude>
    <ClInclude Include="cqsdk\logging.h">
      <Filter>Header Files</Filter>
    </ClInclude>
    <ClInclude Include="cqsdk\menu.h">
      <Filter>Header Files</Filter>
    </ClInclude>
    <ClInclude Include="cqsdk\message.h">
      <Filter>Header Files</Filter>
    </ClInclude>
    <ClInclude Include="cqsdk\target.h">
      <Filter>Header Files</Filter>
    </ClInclude>
    <ClInclude Include="cqsdk\types.h">
      <Filter>Header Files</Filter>
    </ClInclude>
    <ClInclude Include="cqsdk\utils\base64.h">
      <Filter>Header Files</Filter>
    </ClInclude>
    <ClInclude Include="cqsdk\utils\binpack.h">
      <Filter>Header Files</Filter>
    </ClInclude>
    <ClInclude Include="cqsdk\utils\function.h">
      <Filter>Header Files</Filter>
    </ClInclude>
    <ClInclude Include="cqsdk\utils\memory.h">
      <Filter>Header Files</Filter>
    </ClInclude>
    <ClInclude Include="cqsdk\utils\string.h">
      <Filter>Header Files</Filter>
    </ClInclude>
    <ClInclude Include="cqsdk\utils\vendor\cpp-base64\base64.h">
      <Filter>Header Files</Filter>
    </ClInclude>
  </ItemGroup>
</Project>